
Microsoft Visual Studio Solution File, Format Version 12.00
# Visual Studio Version 16
VisualStudioVersion = 16.0.29021.104
MinimumVisualStudioVersion = 10.0.40219.1
Project("{9A19103F-16F7-4668-BE54-9A1E7A4F7556}") = "Microgreens", "Microgreens.csproj", "{259F46B8-7FC7-48E3-A582-1ADC128C7237}"
EndProject
Global
	GlobalSection(SolutionConfigurationPlatforms) = preSolution
		Debug|Any CPU = Debug|Any CPU
		Release|Any CPU = Release|Any CPU
	EndGlobalSection
	GlobalSection(ProjectConfigurationPlatforms) = postSolution
		{259F46B8-7FC7-48E3-A582-1ADC128C7237}.Debug|Any CPU.ActiveCfg = Debug|Any CPU
		{259F46B8-7FC7-48E3-A582-1ADC128C7237}.Debug|Any CPU.Build.0 = Debug|Any CPU
		{259F46B8-7FC7-48E3-A582-1ADC128C7237}.Release|Any CPU.ActiveCfg = Release|Any CPU
		{259F46B8-7FC7-48E3-A582-1ADC128C7237}.Release|Any CPU.Build.0 = Release|Any CPU
	EndGlobalSection
	GlobalSection(SolutionProperties) = preSolution
		HideSolutionNode = FALSE
	EndGlobalSection
	GlobalSection(ExtensibilityGlobals) = postSolution
		SolutionGuid = {FED1ADE1-5F46-48FD-A416-3D52B8738EF0}
	EndGlobalSection
EndGlobal
